
Microsoft Visual Studio Solution File, Format Version 12.00
# Visual Studio Version 16
VisualStudioVersion = 16.0.31424.327
MinimumVisualStudioVersion = 10.0.40219.1
Project("{FAE04EC0-301F-11D3-BF4B-00C04F79EFBC}") = "DesignPrinciple", "DesignPrinciple\DesignPrinciple.csproj", "{B5F1C8B2-7EFA-421B-A327-752C6F515774}"
EndProject
Global
	GlobalSection(SolutionConfigurationPlatforms) = preSolution
		Debug|Any CPU = Debug|Any CPU
		Release|Any CPU = Release|Any CPU
	EndGlobalSection
	GlobalSection(ProjectConfigurationPlatforms) = postSolution
		{B5F1C8B2-7EFA-421B-A327-752C6F515774}.Debug|Any CPU.ActiveCfg = Debug|Any CPU
		{B5F1C8B2-7EFA-421B-A327-752C6F515774}.Debug|Any CPU.Build.0 = Debug|Any CPU
		{B5F1C8B2-7EFA-421B-A327-752C6F515774}.Release|Any CPU.ActiveCfg = Release|Any CPU
		{B5F1C8B2-7EFA-421B-A327-752C6F515774}.Release|Any CPU.Build.0 = Release|Any CPU
	EndGlobalSection
	GlobalSection(SolutionProperties) = preSolution
		HideSolutionNode = FALSE
	EndGlobalSection
	GlobalSection(ExtensibilityGlobals) = postSolution
		SolutionGuid = {6E763DC4-3910-4F67-ACAB-6E485F2D966B}
	EndGlobalSection
EndGlobal
